
Microsoft Visual Studio Solution File, Format Version 12.00
# Visual Studio Version 17
VisualStudioVersion = 17.11.35312.102
MinimumVisualStudioVersion = 10.0.40219.1
Project("{FAE04EC0-301F-11D3-BF4B-00C04F79EFBC}") = "AppInsight", "AppInsight\AppInsight.csproj", "{FFF10FD6-F606-483E-A97C-E2ECED7F3D85}"
EndProject
Global
	GlobalSection(SolutionConfigurationPlatforms) = preSolution
		Debug|Any CPU = Debug|Any CPU
		Release|Any CPU = Release|Any CPU
	EndGlobalSection
	GlobalSection(ProjectConfigurationPlatforms) = postSolution
		{FFF10FD6-F606-483E-A97C-E2ECED7F3D85}.Debug|Any CPU.ActiveCfg = Debug|Any CPU
		{FFF10FD6-F606-483E-A97C-E2ECED7F3D85}.Debug|Any CPU.Build.0 = Debug|Any CPU
		{FFF10FD6-F606-483E-A97C-E2ECED7F3D85}.Release|Any CPU.ActiveCfg = Release|Any CPU
		{FFF10FD6-F606-483E-A97C-E2ECED7F3D85}.Release|Any CPU.Build.0 = Release|Any CPU
	EndGlobalSection
	GlobalSection(SolutionProperties) = preSolution
		HideSolutionNode = FALSE
	EndGlobalSection
	GlobalSection(ExtensibilityGlobals) = postSolution
		SolutionGuid = {AE96BB44-2DD6-4A73-97E3-DFBCFAB47BE9}
	EndGlobalSection
EndGlobal
